// !$*UTF8*$!
{
	archiveVersion = 1;
	classes = {
	};
	objectVersion = 50;
	objects = {

/* Begin PBXBuildFile section */
		113568EF24C0DB3F009BE6D4 /* DateViewController.swift in Sources */ = {isa = PBXBuildFile; fileRef = 113568EE24C0DB3F009BE6D4 /* DateViewController.swift */; };
		11E6012124C02A4900507AD7 /* AppDelegate.swift in Sources */ = {isa = PBXBuildFile; fileRef = 11E6012024C02A4900507AD7 /* AppDelegate.swift */; };
		11E6012324C02A4900507AD7 /* SceneDelegate.swift in Sources */ = {isa = PBXBuildFile; fileRef = 11E6012224C02A4900507AD7 /* SceneDelegate.swift */; };
		11E6012524C02A4900507AD7 /* ViewController.swift in Sources */ = {isa = PBXBuildFile; fileRef = 11E6012424C02A4900507AD7 /* ViewController.swift */; };
		11E6012824C02A4900507AD7 /* Main.storyboard in Resources */ = {isa = PBXBuildFile; fileRef = 11E6012624C02A4900507AD7 /* Main.storyboard */; };
		11E6012A24C02A4A00507AD7 /* Assets.xcassets in Resources */ = {isa = PBXBuildFile; fileRef = 11E6012924C02A4A00507AD7 /* Assets.xcassets */; };
		11E6012D24C02A4A00507AD7 /* LaunchScreen.storyboard in Resources */ = {isa = PBXBuildFile; fileRef = 11E6012B24C02A4A00507AD7 /* LaunchScreen.storyboard */; };
		11E6013A24C05E1E00507AD7 /* GoogleLoginBtn.swift in Sources */ = {isa = PBXBuildFile; fileRef = 11E6013924C05E1E00507AD7 /* GoogleLoginBtn.swift */; };
		11E6013C24C066EE00507AD7 /* CreateAccBtn.swift in Sources */ = {isa = PBXBuildFile; fileRef = 11E6013B24C066EE00507AD7 /* CreateAccBtn.swift */; };
/* End PBXBuildFile section */

/* Begin PBXFileReference section */
		113568EE24C0DB3F009BE6D4 /* DateViewController.swift */ = {isa = PBXFileReference; lastKnownFileType = sourcecode.swift; path = DateViewController.swift; sourceTree = "<group>"; };
		11E6011D24C02A4900507AD7 /* Assessment 01.app */ = {isa = PBXFileReference; explicitFileType = wrapper.application; includeInIndex = 0; path = "Assessment 01.app"; sourceTree = BUILT_PRODUCTS_DIR; };
		11E6012024C02A4900507AD7 /* AppDelegate.swift */ = {isa = PBXFileReference; lastKnownFileType = sourcecode.swift; path = AppDelegate.swift; sourceTree = "<group>"; };
		11E6012224C02A4900507AD7 /* SceneDelegate.swift */ = {isa = PBXFileReference; lastKnownFileType = sourcecode.swift; path = SceneDelegate.swift; sourceTree = "<group>"; };
		11E6012424C02A4900507AD7 /* ViewController.swift */ = {isa = PBXFileReference; lastKnownFileType = sourcecode.swift; path = ViewController.swift; sourceTree = "<group>"; };
		11E6012724C02A4900507AD7 /* Base */ = {isa = PBXFileReference; lastKnownFileType = file.storyboard; name = Base; path = Base.lproj/Main.storyboard; sourceTree = "<group>"; };
		11E6012924C02A4A00507AD7 /* Assets.xcassets */ = {isa = PBXFileReference; lastKnownFileType = folder.assetcatalog; path = Assets.xcassets; sourceTree = "<group>"; };
		11E6012C24C02A4A00507AD7 /* Base */ = {isa = PBXFileReference; lastKnownFileType = file.storyboard; name = Base; path = Base.lproj/LaunchScreen.storyboard; sourceTree = "<group>"; };
		11E6012E24C02A4A00507AD7 /* Info.plist */ = {isa = PBXFileReference; lastKnownFileType = text.plist.xml; path = Info.plist; sourceTree = "<group>"; };
		11E6013924C05E1E00507AD7 /* GoogleLoginBtn.swift */ = {isa = PBXFileReference; lastKnownFileType = sourcecode.swift; path = GoogleLoginBtn.swift; sourceTree = "<group>"; };
		11E6013B24C066EE00507AD7 /* CreateAccBtn.swift */ = {isa = PBXFileReference; lastKnownFileType = sourcecode.swift; path = CreateAccBtn.swift; sourceTree = "<group>"; };
/* End PBXFileReference section */

/* Begin PBXFrameworksBuildPhase section */
		11E6011A24C02A4900507AD7 /* Frameworks */ = {
			isa = PBXFrameworksBuildPhase;
			buildActionMask = 2147483647;
			files = (
			);
			runOnlyForDeploymentPostprocessing = 0;
		};
/* End PBXFrameworksBuildPhase section */

/* Begin PBXGroup section */
		11E6011424C02A4800507AD7 = {
			isa = PBXGroup;
			children = (
				11E6011F24C02A4900507AD7 /* Assessment 01 */,
				11E6011E24C02A4900507AD7 /* Products */,
			);
			sourceTree = "<group>";
		};
		11E6011E24C02A4900507AD7 /* Products */ = {
			isa = PBXGroup;
			children = (
				11E6011D24C02A4900507AD7 /* Assessment 01.app */,
			);
			name = Products;
			sourceTree = "<group>";
		};
		11E6011F24C02A4900507AD7 /* Assessment 01 */ = {
			isa = PBXGroup;
			children = (
				11E6014424C0D5D800507AD7 /* SupportFiles */,
				11E6012024C02A4900507AD7 /* AppDelegate.swift */,
				11E6012424C02A4900507AD7 /* ViewController.swift */,
				11E6012E24C02A4A00507AD7 /* Info.plist */,
				11E6013F24C0C65A00507AD7 /* CustomUI */,
			);
			path = "Assessment 01";
			sourceTree = "<group>";
		};
		11E6013F24C0C65A00507AD7 /* CustomUI */ = {
			isa = PBXGroup;
			children = (
				11E6013924C05E1E00507AD7 /* GoogleLoginBtn.swift */,
				11E6013B24C066EE00507AD7 /* CreateAccBtn.swift */,
				113568EE24C0DB3F009BE6D4 /* DateViewController.swift */,
			);
			path = CustomUI;
			sourceTree = "<group>";
		};
		11E6014424C0D5D800507AD7 /* SupportFiles */ = {
			isa = PBXGroup;
			children = (
				11E6012B24C02A4A00507AD7 /* LaunchScreen.storyboard */,
				11E6012924C02A4A00507AD7 /* Assets.xcassets */,
				11E6012624C02A4900507AD7 /* Main.storyboard */,
				11E6012224C02A4900507AD7 /* SceneDelegate.swift */,
			);
			path = SupportFiles;
			sourceTree = "<group>";
		};
/* End PBXGroup section */

/* Begin PBXNativeTarget section */
		11E6011C24C02A4900507AD7 /* Assessment 01 */ = {
			isa = PBXNativeTarget;
			buildConfigurationList = 11E6013124C02A4A00507AD7 /* Build configuration list for PBXNativeTarget "Assessment 01" */;
			buildPhases = (
				11E6011924C02A4900507AD7 /* Sources */,
				11E6011A24C02A4900507AD7 /* Frameworks */,
				11E6011B24C02A4900507AD7 /* Resources */,
			);
			buildRules = (
			);
			dependencies = (
			);
			name = "Assessment 01";
			productName = "Assessment 01";
			productReference = 11E6011D24C02A4900507AD7 /* Assessment 01.app */;
			productType = "com.apple.product-type.application";
		};
/* End PBXNativeTarget section */

/* Begin PBXProject section */
		11E6011524C02A4800507AD7 /* Project object */ = {
			isa = PBXProject;
			attributes = {
				LastSwiftUpdateCheck = 1150;
				LastUpgradeCheck = 1150;
				ORGANIZATIONNAME = "Chathura Wijekoon";
				TargetAttributes = {
					11E6011C24C02A4900507AD7 = {
						CreatedOnToolsVersion = 11.5;
					};
				};
			};
			buildConfigurationList = 11E6011824C02A4800507AD7 /* Build configuration list for PBXProject "Assessment 01" */;
			compatibilityVersion = "Xcode 9.3";
			developmentRegion = en;
			hasScannedForEncodings = 0;
			knownRegions = (
				en,
				Base,
			);
			mainGroup = 11E6011424C02A4800507AD7;
			productRefGroup = 11E6011E24C02A4900507AD7 /* Products */;
			projectDirPath = "";
			projectRoot = "";
			targets = (
				11E6011C24C02A4900507AD7 /* Assessment 01 */,
			);
		};
/* End PBXProject section */

/* Begin PBXResourcesBuildPhase section */
		11E6011B24C02A4900507AD7 /* Resources */ = {
			isa = PBXResourcesBuildPhase;
			buildActionMask = 2147483647;
			files = (
				11E6012D24C02A4A00507AD7 /* LaunchScreen.storyboard in Resources */,
				11E6012A24C02A4A00507AD7 /* Assets.xcassets in Resources */,
				11E6012824C02A4900507AD7 /* Main.storyboard in Resources */,
			);
			runOnlyForDeploymentPostprocessing = 0;
		};
/* End PBXResourcesBuildPhase section */

/* Begin PBXSourcesBuildPhase section */
		11E6011924C02A4900507AD7 /* Sources */ = {
			isa = PBXSourcesBuildPhase;
			buildActionMask = 2147483647;
			files = (
				11E6012524C02A4900507AD7 /* ViewController.swift in Sources */,
				11E6013A24C05E1E00507AD7 /* GoogleLoginBtn.swift in Sources */,
				11E6013C24C066EE00507AD7 /* CreateAccBtn.swift in Sources */,
				11E6012124C02A4900507AD7 /* AppDelegate.swift in Sources */,
				113568EF24C0DB3F009BE6D4 /* DateViewController.swift in Sources */,
				11E6012324C02A4900507AD7 /* SceneDelegate.swift in Sources */,
			);
			runOnlyForDeploymentPostprocessing = 0;
		};
/* End PBXSourcesBuildPhase section */

/* Begin PBXVariantGroup section */
		11E6012624C02A4900507AD7 /* Main.storyboard */ = {
			isa = PBXVariantGroup;
			children = (
				11E6012724C02A4900507AD7 /* Base */,
			);
			name = Main.storyboard;
			sourceTree = "<group>";
		};
		11E6012B24C02A4A00507AD7 /* LaunchScreen.storyboard */ = {
			isa = PBXVariantGroup;
			children = (
				11E6012C24C02A4A00507AD7 /* Base */,
			);
			name = LaunchScreen.storyboard;
			sourceTree = "<group>";
		};
/* End PBXVariantGroup section */

/* Begin XCBuildConfiguration section */
		11E6012F24C02A4A00507AD7 /* Debug */ = {
			isa = XCBuildConfiguration;
			buildSettings = {
				ALWAYS_SEARCH_USER_PATHS = NO;
				CLANG_ANALYZER_NONNULL = YES;
				CLANG_ANALYZER_NUMBER_OBJECT_CONVERSION = YES_AGGRESSIVE;
				CLANG_CXX_LANGUAGE_STANDARD = "gnu++14";
				CLANG_CXX_LIBRARY = "libc++";
				CLANG_ENABLE_MODULES = YES;
				CLANG_ENABLE_OBJC_ARC = YES;
				CLANG_ENABLE_OBJC_WEAK = YES;
				CLANG_WARN_BLOCK_CAPTURE_AUTORELEASING = YES;
				CLANG_WARN_BOOL_CONVERSION = YES;
				CLANG_WARN_COMMA = YES;
				CLANG_WARN_CONSTANT_CONVERSION = YES;
				CLANG_WARN_DEPRECATED_OBJC_IMPLEMENTATIONS = YES;
				CLANG_WARN_DIRECT_OBJC_ISA_USAGE = YES_ERROR;
				CLANG_WARN_DOCUMENTATION_COMMENTS = YES;
				CLANG_WARN_EMPTY_BODY = YES;
				CLANG_WARN_ENUM_CONVERSION = YES;
				CLANG_WARN_INFINITE_RECURSION = YES;
				CLANG_WARN_INT_CONVERSION = YES;
				CLANG_WARN_NON_LITERAL_NULL_CONVERSION = YES;
				CLANG_WARN_OBJC_IMPLICIT_RETAIN_SELF = YES;
				CLANG_WARN_OBJC_LITERAL_CONVERSION = YES;
				CLANG_WARN_OBJC_ROOT_CLASS = YES_ERROR;
				CLANG_WARN_RANGE_LOOP_ANALYSIS = YES;
				CLANG_WARN_STRICT_PROTOTYPES = YES;
				CLANG_WARN_SUSPICIOUS_MOVE = YES;
				CLANG_WARN_UNGUARDED_AVAILABILITY = YES_AGGRESSIVE;
				CLANG_WARN_UNREACHABLE_CODE = YES;
				CLANG_WARN__DUPLICATE_METHOD_MATCH = YES;
				COPY_PHASE_STRIP = NO;
				DEBUG_INFORMATION_FORMAT = dwarf;
				ENABLE_STRICT_OBJC_MSGSEND = YES;
				ENABLE_TESTABILITY = YES;
				GCC_C_LANGUAGE_STANDARD = gnu11;
				GCC_DYNAMIC_NO_PIC = NO;
				GCC_NO_COMMON_BLOCKS = YES;
				GCC_OPTIMIZATION_LEVEL = 0;
				GCC_PREPROCESSOR_DEFINITIONS = (
					"DEBUG=1",
					"$(inherited)",
				);
				GCC_WARN_64_TO_32_BIT_CONVERSION = YES;
				GCC_WARN_ABOUT_RETURN_TYPE = YES_ERROR;
				GCC_WARN_UNDECLARED_SELECTOR = YES;
				GCC_WARN_UNINITIALIZED_AUTOS = YES_AGGRESSIVE;
				GCC_WARN_UNUSED_FUNCTION = YES;
				GCC_WARN_UNUSED_VARIABLE = YES;
				IPHONEOS_DEPLOYMENT_TARGET = 13.5;
				MTL_ENABLE_DEBUG_INFO = INCLUDE_SOURCE;
				MTL_FAST_MATH = YES;
				ONLY_ACTIVE_ARCH = YES;
				SDKROOT = iphoneos;
				SWIFT_ACTIVE_COMPILATION_CONDITIONS = DEBUG;
				SWIFT_OPTIMIZATION_LEVEL = "-Onone";
			};
			name = Debug;
		};
		11E6013024C02A4A00507AD7 /* Release */ = {
			isa = XCBuildConfiguration;
			buildSettings = {
				ALWAYS_SEARCH_USER_PATHS = NO;
				CLANG_ANALYZER_NONNULL = YES;
				CLANG_ANALYZER_NUMBER_OBJECT_CONVERSION = YES_AGGRESSIVE;
				CLANG_CXX_LANGUAGE_STANDARD = "gnu++14";
				CLANG_CXX_LIBRARY = "libc++";
				CLANG_ENABLE_MODULES = YES;
				CLANG_ENABLE_OBJC_ARC = YES;
				CLANG_ENABLE_OBJC_WEAK = YES;
				CLANG_WARN_BLOCK_CAPTURE_AUTORELEASING = YES;
				CLANG_WARN_BOOL_CONVERSION = YES;
				CLANG_WARN_COMMA = YES;
				CLANG_WARN_CONSTANT_CONVERSION = YES;
				CLANG_WARN_DEPRECATED_OBJC_IMPLEMENTATIONS = YES;
				CLANG_WARN_DIRECT_OBJC_ISA_USAGE = YES_ERROR;
				CLANG_WARN_DOCUMENTATION_COMMENTS = YES;
				CLANG_WARN_EMPTY_BODY = YES;
				CLANG_WARN_ENUM_CONVERSION = YES;
				CLANG_WARN_INFINITE_RECURSION = YES;
				CLANG_WARN_INT_CONVERSION = YES;
				CLANG_WARN_NON_LITERAL_NULL_CONVERSION = YES;
				CLANG_WARN_OBJC_IMPLICIT_RETAIN_SELF = YES;
				CLANG_WARN_OBJC_LITERAL_CONVERSION = YES;
				CLANG_WARN_OBJC_ROOT_CLASS = YES_ERROR;
				CLANG_WARN_RANGE_LOOP_ANALYSIS = YES;
				CLANG_WARN_STRICT_PROTOTYPES = YES;
				CLANG_WARN_SUSPICIOUS_MOVE = YES;
				CLANG_WARN_UNGUARDED_AVAILABILITY = YES_AGGRESSIVE;
				CLANG_WARN_UNREACHABLE_CODE = YES;
				CLANG_WARN__DUPLICATE_METHOD_MATCH = YES;
				COPY_PHASE_STRIP = NO;
				DEBUG_INFORMATION_FORMAT = "dwarf-with-dsym";
				ENABLE_NS_ASSERTIONS = NO;
				ENABLE_STRICT_OBJC_MSGSEND = YES;
				GCC_C_LANGUAGE_STANDARD = gnu11;
				GCC_NO_COMMON_BLOCKS = YES;
				GCC_WARN_64_TO_32_BIT_CONVERSION = YES;
				GCC_WARN_ABOUT_RETURN_TYPE = YES_ERROR;
				GCC_WARN_UNDECLARED_SELECTOR = YES;
				GCC_WARN_UNINITIALIZED_AUTOS = YES_AGGRESSIVE;
				GCC_WARN_UNUSED_FUNCTION = YES;
				GCC_WARN_UNUSED_VARIABLE = YES;
				IPHONEOS_DEPLOYMENT_TARGET = 13.5;
				MTL_ENABLE_DEBUG_INFO = NO;
				MTL_FAST_MATH = YES;
				SDKROOT = iphoneos;
				SWIFT_COMPILATION_MODE = wholemodule;
				SWIFT_OPTIMIZATION_LEVEL = "-O";
				VALIDATE_PRODUCT = YES;
			};
			name = Release;
		};
		11E6013224C02A4A00507AD7 /* Debug */ = {
			isa = XCBuildConfiguration;
			buildSettings = {
				ASSETCATALOG_COMPILER_APPICON_NAME = AppIcon;
				CODE_SIGN_STYLE = Automatic;
				DEVELOPMENT_TEAM = XYJ23FN796;
				INFOPLIST_FILE = "Assessment 01/Info.plist";
				LD_RUNPATH_SEARCH_PATHS = (
					"$(inherited)",
					"@executable_path/Frameworks",
				);
				PRODUCT_BUNDLE_IDENTIFIER = "com.chathura.Assessment-01";
				PRODUCT_NAME = "$(TARGET_NAME)";
				SWIFT_VERSION = 5.0;
				TARGETED_DEVICE_FAMILY = "1,2";
			};
			name = Debug;
		};
		11E6013324C02A4A00507AD7 /* Release */ = {
			isa = XCBuildConfiguration;
			buildSettings = {
				ASSETCATALOG_COMPILER_APPICON_NAME = AppIcon;
				CODE_SIGN_STYLE = Automatic;
				DEVELOPMENT_TEAM = XYJ23FN796;
				INFOPLIST_FILE = "Assessment 01/Info.plist";
				LD_RUNPATH_SEARCH_PATHS = (
					"$(inherited)",
					"@executable_path/Frameworks",
				);
				PRODUCT_BUNDLE_IDENTIFIER = "com.chathura.Assessment-01";
				PRODUCT_NAME = "$(TARGET_NAME)";
				SWIFT_VERSION = 5.0;
				TARGETED_DEVICE_FAMILY = "1,2";
			};
			name = Release;
		};
/* End XCBuildConfiguration section */

/* Begin XCConfigurationList section */
		11E6011824C02A4800507AD7 /* Build configuration list for PBXProject "Assessment 01" */ = {
			isa = XCConfigurationList;
			buildConfigurations = (
				11E6012F24C02A4A00507AD7 /* Debug */,
				11E6013024C02A4A00507AD7 /* Release */,
			);
			defaultConfigurationIsVisible = 0;
			defaultConfigurationName = Release;
		};
		11E6013124C02A4A00507AD7 /* Build configuration list for PBXNativeTarget "Assessment 01" */ = {
			isa = XCConfigurationList;
			buildConfigurations = (
				11E6013224C02A4A00507AD7 /* Debug */,
				11E6013324C02A4A00507AD7 /* Release */,
			);
			defaultConfigurationIsVisible = 0;
			defaultConfigurationName = Release;
		};
/* End XCConfigurationList section */
	};
	rootObject = 11E6011524C02A4800507AD7 /* Project object */;
}
